// !$*UTF8*$!
{
	archiveVersion = 1;
	classes = {
	};
	objectVersion = 56;
	objects = {

/* Begin PBXBuildFile section */
		FE05230F2C01F847008DA2C3 /* UrReciptsApp.swift in Sources */ = {isa = PBXBuildFile; fileRef = FE05230E2C01F847008DA2C3 /* UrReciptsApp.swift */; };
		FE0523112C01F847008DA2C3 /* ContentView.swift in Sources */ = {isa = PBXBuildFile; fileRef = FE0523102C01F847008DA2C3 /* ContentView.swift */; };
		FE0523132C01F849008DA2C3 /* Assets.xcassets in Resources */ = {isa = PBXBuildFile; fileRef = FE0523122C01F849008DA2C3 /* Assets.xcassets */; };
		FE0523162C01F849008DA2C3 /* Preview Assets.xcassets in Resources */ = {isa = PBXBuildFile; fileRef = FE0523152C01F849008DA2C3 /* Preview Assets.xcassets */; };
		FE0523202C01F84A008DA2C3 /* UrReciptsTests.swift in Sources */ = {isa = PBXBuildFile; fileRef = FE05231F2C01F84A008DA2C3 /* UrReciptsTests.swift */; };
		FE05232A2C01F84A008DA2C3 /* UrReciptsUITests.swift in Sources */ = {isa = PBXBuildFile; fileRef = FE0523292C01F84A008DA2C3 /* UrReciptsUITests.swift */; };
		FE05232C2C01F84A008DA2C3 /* UrReciptsUITestsLaunchTests.swift in Sources */ = {isa = PBXBuildFile; fileRef = FE05232B2C01F84A008DA2C3 /* UrReciptsUITestsLaunchTests.swift */; };
		FE05233A2C0202E8008DA2C3 /* Receipt.swift in Sources */ = {isa = PBXBuildFile; fileRef = FE0523392C0202E8008DA2C3 /* Receipt.swift */; };
		FE05233D2C0203C1008DA2C3 /* RowView.swift in Sources */ = {isa = PBXBuildFile; fileRef = FE05233C2C0203C1008DA2C3 /* RowView.swift */; };
		FE05233F2C0205DB008DA2C3 /* ListView.swift in Sources */ = {isa = PBXBuildFile; fileRef = FE05233E2C0205DB008DA2C3 /* ListView.swift */; };
		FEC9161B2C26D11000DF3190 /* EventEditView.swift in Sources */ = {isa = PBXBuildFile; fileRef = FEC9161A2C26D11000DF3190 /* EventEditView.swift */; };
		FEC9161D2C2DED0F00DF3190 /* OptionalSearchableViewModifier.swift in Sources */ = {isa = PBXBuildFile; fileRef = FEC9161C2C2DED0F00DF3190 /* OptionalSearchableViewModifier.swift */; };
		FEC9161F2C30153900DF3190 /* ReceiptDetailView.swift in Sources */ = {isa = PBXBuildFile; fileRef = FEC9161E2C30153900DF3190 /* ReceiptDetailView.swift */; };
		FEC916212C30825900DF3190 /* ReceiptType.swift in Sources */ = {isa = PBXBuildFile; fileRef = FEC916202C30825900DF3190 /* ReceiptType.swift */; };
		FEC9162B2C31E68300DF3190 /* ReceiptGeneralDataView.swift in Sources */ = {isa = PBXBuildFile; fileRef = FEC9162A2C31E68300DF3190 /* ReceiptGeneralDataView.swift */; };
		FEE3F1CB2C03AB38008FB653 /* AccessCameraView.swift in Sources */ = {isa = PBXBuildFile; fileRef = FEE3F1CA2C03AB38008FB653 /* AccessCameraView.swift */; };
		FEE3F1CD2C03AC70008FB653 /* Coordinator.swift in Sources */ = {isa = PBXBuildFile; fileRef = FEE3F1CC2C03AC70008FB653 /* Coordinator.swift */; };
		FEE3F1D02C03B2EC008FB653 /* CheckReceiptDataView.swift in Sources */ = {isa = PBXBuildFile; fileRef = FEE3F1CF2C03B2EC008FB653 /* CheckReceiptDataView.swift */; };
		FEE3F1D22C03C70C008FB653 /* ReceiptViewModel.swift in Sources */ = {isa = PBXBuildFile; fileRef = FEE3F1D12C03C70C008FB653 /* ReceiptViewModel.swift */; };
		FEE3F1DA2C144F74008FB653 /* FullDescriptionView.swift in Sources */ = {isa = PBXBuildFile; fileRef = FEE3F1D92C144F74008FB653 /* FullDescriptionView.swift */; };
/* End PBXBuildFile section */

/* Begin PBXContainerItemProxy section */
		FE05231C2C01F84A008DA2C3 /* PBXContainerItemProxy */ = {
			isa = PBXContainerItemProxy;
			containerPortal = FE0523032C01F847008DA2C3 /* Project object */;
			proxyType = 1;
			remoteGlobalIDString = FE05230A2C01F847008DA2C3;
			remoteInfo = UrRecipts;
		};
		FE0523262C01F84A008DA2C3 /* PBXContainerItemProxy */ = {
			isa = PBXContainerItemProxy;
			containerPortal = FE0523032C01F847008DA2C3 /* Project object */;
			proxyType = 1;
			remoteGlobalIDString = FE05230A2C01F847008DA2C3;
			remoteInfo = UrRecipts;
		};
/* End PBXContainerItemProxy section */

/* Begin PBXFileReference section */
		FE05230B2C01F847008DA2C3 /* InstaDoc.app */ = {isa = PBXFileReference; explicitFileType = wrapper.application; includeInIndex = 0; path = InstaDoc.app; sourceTree = BUILT_PRODUCTS_DIR; };
		FE05230E2C01F847008DA2C3 /* UrReciptsApp.swift */ = {isa = PBXFileReference; lastKnownFileType = sourcecode.swift; path = UrReciptsApp.swift; sourceTree = "<group>"; };
		FE0523102C01F847008DA2C3 /* ContentView.swift */ = {isa = PBXFileReference; lastKnownFileType = sourcecode.swift; path = ContentView.swift; sourceTree = "<group>"; };
		FE0523122C01F849008DA2C3 /* Assets.xcassets */ = {isa = PBXFileReference; lastKnownFileType = folder.assetcatalog; path = Assets.xcassets; sourceTree = "<group>"; };
		FE0523152C01F849008DA2C3 /* Preview Assets.xcassets */ = {isa = PBXFileReference; lastKnownFileType = folder.assetcatalog; path = "Preview Assets.xcassets"; sourceTree = "<group>"; };
		FE05231B2C01F84A008DA2C3 /* InstaDocTests.xctest */ = {isa = PBXFileReference; explicitFileType = wrapper.cfbundle; includeInIndex = 0; path = InstaDocTests.xctest; sourceTree = BUILT_PRODUCTS_DIR; };
		FE05231F2C01F84A008DA2C3 /* UrReciptsTests.swift */ = {isa = PBXFileReference; lastKnownFileType = sourcecode.swift; path = UrReciptsTests.swift; sourceTree = "<group>"; };
		FE0523252C01F84A008DA2C3 /* InstaDocUITests.xctest */ = {isa = PBXFileReference; explicitFileType = wrapper.cfbundle; includeInIndex = 0; path = InstaDocUITests.xctest; sourceTree = BUILT_PRODUCTS_DIR; };
		FE0523292C01F84A008DA2C3 /* UrReciptsUITests.swift */ = {isa = PBXFileReference; lastKnownFileType = sourcecode.swift; path = UrReciptsUITests.swift; sourceTree = "<group>"; };
		FE05232B2C01F84A008DA2C3 /* UrReciptsUITestsLaunchTests.swift */ = {isa = PBXFileReference; lastKnownFileType = sourcecode.swift; path = UrReciptsUITestsLaunchTests.swift; sourceTree = "<group>"; };
		FE0523392C0202E8008DA2C3 /* Receipt.swift */ = {isa = PBXFileReference; lastKnownFileType = sourcecode.swift; path = Receipt.swift; sourceTree = "<group>"; };
		FE05233C2C0203C1008DA2C3 /* RowView.swift */ = {isa = PBXFileReference; lastKnownFileType = sourcecode.swift; path = RowView.swift; sourceTree = "<group>"; };
		FE05233E2C0205DB008DA2C3 /* ListView.swift */ = {isa = PBXFileReference; lastKnownFileType = sourcecode.swift; path = ListView.swift; sourceTree = "<group>"; };
		FEC9161A2C26D11000DF3190 /* EventEditView.swift */ = {isa = PBXFileReference; lastKnownFileType = sourcecode.swift; path = EventEditView.swift; sourceTree = "<group>"; };
		FEC9161C2C2DED0F00DF3190 /* OptionalSearchableViewModifier.swift */ = {isa = PBXFileReference; lastKnownFileType = sourcecode.swift; path = OptionalSearchableViewModifier.swift; sourceTree = "<group>"; };
		FEC9161E2C30153900DF3190 /* ReceiptDetailView.swift */ = {isa = PBXFileReference; lastKnownFileType = sourcecode.swift; path = ReceiptDetailView.swift; sourceTree = "<group>"; };
		FEC916202C30825900DF3190 /* ReceiptType.swift */ = {isa = PBXFileReference; lastKnownFileType = sourcecode.swift; path = ReceiptType.swift; sourceTree = "<group>"; };
		FEC9162A2C31E68300DF3190 /* ReceiptGeneralDataView.swift */ = {isa = PBXFileReference; lastKnownFileType = sourcecode.swift; path = ReceiptGeneralDataView.swift; sourceTree = "<group>"; };
		FEE3F1CA2C03AB38008FB653 /* AccessCameraView.swift */ = {isa = PBXFileReference; lastKnownFileType = sourcecode.swift; path = AccessCameraView.swift; sourceTree = "<group>"; };
		FEE3F1CC2C03AC70008FB653 /* Coordinator.swift */ = {isa = PBXFileReference; lastKnownFileType = sourcecode.swift; path = Coordinator.swift; sourceTree = "<group>"; };
		FEE3F1CE2C03AD42008FB653 /* Info.plist */ = {isa = PBXFileReference; lastKnownFileType = text.plist; path = Info.plist; sourceTree = "<group>"; };
		FEE3F1CF2C03B2EC008FB653 /* CheckReceiptDataView.swift */ = {isa = PBXFileReference; lastKnownFileType = sourcecode.swift; path = CheckReceiptDataView.swift; sourceTree = "<group>"; };
		FEE3F1D12C03C70C008FB653 /* ReceiptViewModel.swift */ = {isa = PBXFileReference; lastKnownFileType = sourcecode.swift; path = ReceiptViewModel.swift; sourceTree = "<group>"; };
		FEE3F1D92C144F74008FB653 /* FullDescriptionView.swift */ = {isa = PBXFileReference; lastKnownFileType = sourcecode.swift; path = FullDescriptionView.swift; sourceTree = "<group>"; };
/* End PBXFileReference section */

/* Begin PBXFrameworksBuildPhase section */
		FE0523082C01F847008DA2C3 /* Frameworks */ = {
			isa = PBXFrameworksBuildPhase;
			buildActionMask = 2147483647;
			files = (
			);
			runOnlyForDeploymentPostprocessing = 0;
		};
		FE0523182C01F84A008DA2C3 /* Frameworks */ = {
			isa = PBXFrameworksBuildPhase;
			buildActionMask = 2147483647;
			files = (
			);
			runOnlyForDeploymentPostprocessing = 0;
		};
		FE0523222C01F84A008DA2C3 /* Frameworks */ = {
			isa = PBXFrameworksBuildPhase;
			buildActionMask = 2147483647;
			files = (
			);
			runOnlyForDeploymentPostprocessing = 0;
		};
/* End PBXFrameworksBuildPhase section */

/* Begin PBXGroup section */
		FE0523022C01F847008DA2C3 = {
			isa = PBXGroup;
			children = (
				FE05230D2C01F847008DA2C3 /* UrRecipts */,
				FE05231E2C01F84A008DA2C3 /* UrReciptsTests */,
				FE0523282C01F84A008DA2C3 /* UrReciptsUITests */,
				FE05230C2C01F847008DA2C3 /* Products */,
			);
			sourceTree = "<group>";
		};
		FE05230C2C01F847008DA2C3 /* Products */ = {
			isa = PBXGroup;
			children = (
				FE05230B2C01F847008DA2C3 /* InstaDoc.app */,
				FE05231B2C01F84A008DA2C3 /* InstaDocTests.xctest */,
				FE0523252C01F84A008DA2C3 /* InstaDocUITests.xctest */,
			);
			name = Products;
			sourceTree = "<group>";
		};
		FE05230D2C01F847008DA2C3 /* UrRecipts */ = {
			isa = PBXGroup;
			children = (
				FE0523122C01F849008DA2C3 /* Assets.xcassets */,
				FEE3F1CE2C03AD42008FB653 /* Info.plist */,
				FE05233B2C020385008DA2C3 /* Views */,
				FE0523382C0202CC008DA2C3 /* Data */,
				FE05230E2C01F847008DA2C3 /* UrReciptsApp.swift */,
				FE0523142C01F849008DA2C3 /* Preview Content */,
			);
			path = UrRecipts;
			sourceTree = "<group>";
		};
		FE0523142C01F849008DA2C3 /* Preview Content */ = {
			isa = PBXGroup;
			children = (
				FE0523152C01F849008DA2C3 /* Preview Assets.xcassets */,
			);
			path = "Preview Content";
			sourceTree = "<group>";
		};
		FE05231E2C01F84A008DA2C3 /* UrReciptsTests */ = {
			isa = PBXGroup;
			children = (
				FE05231F2C01F84A008DA2C3 /* UrReciptsTests.swift */,
			);
			path = UrReciptsTests;
			sourceTree = "<group>";
		};
		FE0523282C01F84A008DA2C3 /* UrReciptsUITests */ = {
			isa = PBXGroup;
			children = (
				FE0523292C01F84A008DA2C3 /* UrReciptsUITests.swift */,
				FE05232B2C01F84A008DA2C3 /* UrReciptsUITestsLaunchTests.swift */,
			);
			path = UrReciptsUITests;
			sourceTree = "<group>";
		};
		FE0523382C0202CC008DA2C3 /* Data */ = {
			isa = PBXGroup;
			children = (
				FE0523392C0202E8008DA2C3 /* Receipt.swift */,
				FEE3F1CC2C03AC70008FB653 /* Coordinator.swift */,
				FEC916202C30825900DF3190 /* ReceiptType.swift */,
			);
			path = Data;
			sourceTree = "<group>";
		};
		FE05233B2C020385008DA2C3 /* Views */ = {
			isa = PBXGroup;
			children = (
				FE0523102C01F847008DA2C3 /* ContentView.swift */,
				FEC9162A2C31E68300DF3190 /* ReceiptGeneralDataView.swift */,
				FE05233C2C0203C1008DA2C3 /* RowView.swift */,
				FE05233E2C0205DB008DA2C3 /* ListView.swift */,
				FEE3F1CA2C03AB38008FB653 /* AccessCameraView.swift */,
				FEE3F1CF2C03B2EC008FB653 /* CheckReceiptDataView.swift */,
				FEE3F1D12C03C70C008FB653 /* ReceiptViewModel.swift */,
				FEE3F1D92C144F74008FB653 /* FullDescriptionView.swift */,
				FEC9161A2C26D11000DF3190 /* EventEditView.swift */,
				FEC9161C2C2DED0F00DF3190 /* OptionalSearchableViewModifier.swift */,
				FEC9161E2C30153900DF3190 /* ReceiptDetailView.swift */,
			);
			path = Views;
			sourceTree = "<group>";
		};
/* End PBXGroup section */

/* Begin PBXNativeTarget section */
		FE05230A2C01F847008DA2C3 /* InstaDoc */ = {
			isa = PBXNativeTarget;
			buildConfigurationList = FE05232F2C01F84A008DA2C3 /* Build configuration list for PBXNativeTarget "InstaDoc" */;
			buildPhases = (
				FE0523072C01F847008DA2C3 /* Sources */,
				FE0523082C01F847008DA2C3 /* Frameworks */,
				FE0523092C01F847008DA2C3 /* Resources */,
			);
			buildRules = (
			);
			dependencies = (
			);
			name = InstaDoc;
			productName = UrRecipts;
			productReference = FE05230B2C01F847008DA2C3 /* InstaDoc.app */;
			productType = "com.apple.product-type.application";
		};
		FE05231A2C01F84A008DA2C3 /* InstaDocTests */ = {
			isa = PBXNativeTarget;
			buildConfigurationList = FE0523322C01F84A008DA2C3 /* Build configuration list for PBXNativeTarget "InstaDocTests" */;
			buildPhases = (
				FE0523172C01F84A008DA2C3 /* Sources */,
				FE0523182C01F84A008DA2C3 /* Frameworks */,
				FE0523192C01F84A008DA2C3 /* Resources */,
			);
			buildRules = (
			);
			dependencies = (
				FE05231D2C01F84A008DA2C3 /* PBXTargetDependency */,
			);
			name = InstaDocTests;
			productName = UrReciptsTests;
			productReference = FE05231B2C01F84A008DA2C3 /* InstaDocTests.xctest */;
			productType = "com.apple.product-type.bundle.unit-test";
		};
		FE0523242C01F84A008DA2C3 /* InstaDocUITests */ = {
			isa = PBXNativeTarget;
			buildConfigurationList = FE0523352C01F84A008DA2C3 /* Build configuration list for PBXNativeTarget "InstaDocUITests" */;
			buildPhases = (
				FE0523212C01F84A008DA2C3 /* Sources */,
				FE0523222C01F84A008DA2C3 /* Frameworks */,
				FE0523232C01F84A008DA2C3 /* Resources */,
			);
			buildRules = (
			);
			dependencies = (
				FE0523272C01F84A008DA2C3 /* PBXTargetDependency */,
			);
			name = InstaDocUITests;
			productName = UrReciptsUITests;
			productReference = FE0523252C01F84A008DA2C3 /* InstaDocUITests.xctest */;
			productType = "com.apple.product-type.bundle.ui-testing";
		};
/* End PBXNativeTarget section */

/* Begin PBXProject section */
		FE0523032C01F847008DA2C3 /* Project object */ = {
			isa = PBXProject;
			attributes = {
				BuildIndependentTargetsInParallel = 1;
				LastSwiftUpdateCheck = 1430;
				LastUpgradeCheck = 1540;
				TargetAttributes = {
					FE05230A2C01F847008DA2C3 = {
						CreatedOnToolsVersion = 14.3;
					};
					FE05231A2C01F84A008DA2C3 = {
						CreatedOnToolsVersion = 14.3;
						TestTargetID = FE05230A2C01F847008DA2C3;
					};
					FE0523242C01F84A008DA2C3 = {
						CreatedOnToolsVersion = 14.3;
						TestTargetID = FE05230A2C01F847008DA2C3;
					};
				};
			};
			buildConfigurationList = FE0523062C01F847008DA2C3 /* Build configuration list for PBXProject "InstaDoc" */;
			compatibilityVersion = "Xcode 14.0";
			developmentRegion = en;
			hasScannedForEncodings = 0;
			knownRegions = (
				en,
				Base,
			);
			mainGroup = FE0523022C01F847008DA2C3;
			productRefGroup = FE05230C2C01F847008DA2C3 /* Products */;
			projectDirPath = "";
			projectRoot = "";
			targets = (
				FE05230A2C01F847008DA2C3 /* InstaDoc */,
				FE05231A2C01F84A008DA2C3 /* InstaDocTests */,
				FE0523242C01F84A008DA2C3 /* InstaDocUITests */,
			);
		};
/* End PBXProject section */

/* Begin PBXResourcesBuildPhase section */
		FE0523092C01F847008DA2C3 /* Resources */ = {
			isa = PBXResourcesBuildPhase;
			buildActionMask = 2147483647;
			files = (
				FE0523162C01F849008DA2C3 /* Preview Assets.xcassets in Resources */,
				FE0523132C01F849008DA2C3 /* Assets.xcassets in Resources */,
			);
			runOnlyForDeploymentPostprocessing = 0;
		};
		FE0523192C01F84A008DA2C3 /* Resources */ = {
			isa = PBXResourcesBuildPhase;
			buildActionMask = 2147483647;
			files = (
			);
			runOnlyForDeploymentPostprocessing = 0;
		};
		FE0523232C01F84A008DA2C3 /* Resources */ = {
			isa = PBXResourcesBuildPhase;
			buildActionMask = 2147483647;
			files = (
			);
			runOnlyForDeploymentPostprocessing = 0;
		};
/* End PBXResourcesBuildPhase section */

/* Begin PBXSourcesBuildPhase section */
		FE0523072C01F847008DA2C3 /* Sources */ = {
			isa = PBXSourcesBuildPhase;
			buildActionMask = 2147483647;
			files = (
				FE05233A2C0202E8008DA2C3 /* Receipt.swift in Sources */,
				FE0523112C01F847008DA2C3 /* ContentView.swift in Sources */,
				FEC9162B2C31E68300DF3190 /* ReceiptGeneralDataView.swift in Sources */,
				FEC9161B2C26D11000DF3190 /* EventEditView.swift in Sources */,
				FE05233F2C0205DB008DA2C3 /* ListView.swift in Sources */,
				FEE3F1CB2C03AB38008FB653 /* AccessCameraView.swift in Sources */,
				FEC9161D2C2DED0F00DF3190 /* OptionalSearchableViewModifier.swift in Sources */,
				FEC9161F2C30153900DF3190 /* ReceiptDetailView.swift in Sources */,
				FEC916212C30825900DF3190 /* ReceiptType.swift in Sources */,
				FEE3F1DA2C144F74008FB653 /* FullDescriptionView.swift in Sources */,
				FEE3F1D02C03B2EC008FB653 /* CheckReceiptDataView.swift in Sources */,
				FE05230F2C01F847008DA2C3 /* UrReciptsApp.swift in Sources */,
				FE05233D2C0203C1008DA2C3 /* RowView.swift in Sources */,
				FEE3F1CD2C03AC70008FB653 /* Coordinator.swift in Sources */,
				FEE3F1D22C03C70C008FB653 /* ReceiptViewModel.swift in Sources */,
			);
			runOnlyForDeploymentPostprocessing = 0;
		};
		FE0523172C01F84A008DA2C3 /* Sources */ = {
			isa = PBXSourcesBuildPhase;
			buildActionMask = 2147483647;
			files = (
				FE0523202C01F84A008DA2C3 /* UrReciptsTests.swift in Sources */,
			);
			runOnlyForDeploymentPostprocessing = 0;
		};
		FE0523212C01F84A008DA2C3 /* Sources */ = {
			isa = PBXSourcesBuildPhase;
			buildActionMask = 2147483647;
			files = (
				FE05232C2C01F84A008DA2C3 /* UrReciptsUITestsLaunchTests.swift in Sources */,
				FE05232A2C01F84A008DA2C3 /* UrReciptsUITests.swift in Sources */,
			);
			runOnlyForDeploymentPostprocessing = 0;
		};
/* End PBXSourcesBuildPhase section */

/* Begin PBXTargetDependency section */
		FE05231D2C01F84A008DA2C3 /* PBXTargetDependency */ = {
			isa = PBXTargetDependency;
			target = FE05230A2C01F847008DA2C3 /* InstaDoc */;
			targetProxy = FE05231C2C01F84A008DA2C3 /* PBXContainerItemProxy */;
		};
		FE0523272C01F84A008DA2C3 /* PBXTargetDependency */ = {
			isa = PBXTargetDependency;
			target = FE05230A2C01F847008DA2C3 /* InstaDoc */;
			targetProxy = FE0523262C01F84A008DA2C3 /* PBXContainerItemProxy */;
		};
/* End PBXTargetDependency section */

/* Begin XCBuildConfiguration section */
		FE05232D2C01F84A008DA2C3 /* Debug */ = {
			isa = XCBuildConfiguration;
			buildSettings = {
				ALWAYS_SEARCH_USER_PATHS = NO;
				CLANG_ANALYZER_NONNULL = YES;
				CLANG_ANALYZER_NUMBER_OBJECT_CONVERSION = YES_AGGRESSIVE;
				CLANG_CXX_LANGUAGE_STANDARD = "gnu++20";
				CLANG_ENABLE_MODULES = YES;
				CLANG_ENABLE_OBJC_ARC = YES;
				CLANG_ENABLE_OBJC_WEAK = YES;
				CLANG_WARN_BLOCK_CAPTURE_AUTORELEASING = YES;
				CLANG_WARN_BOOL_CONVERSION = YES;
				CLANG_WARN_COMMA = YES;
				CLANG_WARN_CONSTANT_CONVERSION = YES;
				CLANG_WARN_DEPRECATED_OBJC_IMPLEMENTATIONS = YES;
				CLANG_WARN_DIRECT_OBJC_ISA_USAGE = YES_ERROR;
				CLANG_WARN_DOCUMENTATION_COMMENTS = YES;
				CLANG_WARN_EMPTY_BODY = YES;
				CLANG_WARN_ENUM_CONVERSION = YES;
				CLANG_WARN_INFINITE_RECURSION = YES;
				CLANG_WARN_INT_CONVERSION = YES;
				CLANG_WARN_NON_LITERAL_NULL_CONVERSION = YES;
				CLANG_WARN_OBJC_IMPLICIT_RETAIN_SELF = YES;
				CLANG_WARN_OBJC_LITERAL_CONVERSION = YES;
				CLANG_WARN_OBJC_ROOT_CLASS = YES_ERROR;
				CLANG_WARN_QUOTED_INCLUDE_IN_FRAMEWORK_HEADER = YES;
				CLANG_WARN_RANGE_LOOP_ANALYSIS = YES;
				CLANG_WARN_STRICT_PROTOTYPES = YES;
				CLANG_WARN_SUSPICIOUS_MOVE = YES;
				CLANG_WARN_UNGUARDED_AVAILABILITY = YES_AGGRESSIVE;
				CLANG_WARN_UNREACHABLE_CODE = YES;
				CLANG_WARN__DUPLICATE_METHOD_MATCH = YES;
				COPY_PHASE_STRIP = NO;
				DEBUG_INFORMATION_FORMAT = dwarf;
				ENABLE_STRICT_OBJC_MSGSEND = YES;
				ENABLE_TESTABILITY = YES;
				ENABLE_USER_SCRIPT_SANDBOXING = YES;
				GCC_C_LANGUAGE_STANDARD = gnu11;
				GCC_DYNAMIC_NO_PIC = NO;
				GCC_NO_COMMON_BLOCKS = YES;
				GCC_OPTIMIZATION_LEVEL = 0;
				GCC_PREPROCESSOR_DEFINITIONS = (
					"DEBUG=1",
					"$(inherited)",
				);
				GCC_WARN_64_TO_32_BIT_CONVERSION = YES;
				GCC_WARN_ABOUT_RETURN_TYPE = YES_ERROR;
				GCC_WARN_UNDECLARED_SELECTOR = YES;
				GCC_WARN_UNINITIALIZED_AUTOS = YES_AGGRESSIVE;
				GCC_WARN_UNUSED_FUNCTION = YES;
				GCC_WARN_UNUSED_VARIABLE = YES;
				IPHONEOS_DEPLOYMENT_TARGET = 17.0;
				MTL_ENABLE_DEBUG_INFO = INCLUDE_SOURCE;
				MTL_FAST_MATH = YES;
				ONLY_ACTIVE_ARCH = YES;
				SDKROOT = iphoneos;
				SWIFT_ACTIVE_COMPILATION_CONDITIONS = DEBUG;
				SWIFT_OPTIMIZATION_LEVEL = "-Onone";
			};
			name = Debug;
		};
		FE05232E2C01F84A008DA2C3 /* Release */ = {
			isa = XCBuildConfiguration;
			buildSettings = {
				ALWAYS_SEARCH_USER_PATHS = NO;
				CLANG_ANALYZER_NONNULL = YES;
				CLANG_ANALYZER_NUMBER_OBJECT_CONVERSION = YES_AGGRESSIVE;
				CLANG_CXX_LANGUAGE_STANDARD = "gnu++20";
				CLANG_ENABLE_MODULES = YES;
				CLANG_ENABLE_OBJC_ARC = YES;
				CLANG_ENABLE_OBJC_WEAK = YES;
				CLANG_WARN_BLOCK_CAPTURE_AUTORELEASING = YES;
				CLANG_WARN_BOOL_CONVERSION = YES;
				CLANG_WARN_COMMA = YES;
				CLANG_WARN_CONSTANT_CONVERSION = YES;
				CLANG_WARN_DEPRECATED_OBJC_IMPLEMENTATIONS = YES;
				CLANG_WARN_DIRECT_OBJC_ISA_USAGE = YES_ERROR;
				CLANG_WARN_DOCUMENTATION_COMMENTS = YES;
				CLANG_WARN_EMPTY_BODY = YES;
				CLANG_WARN_ENUM_CONVERSION = YES;
				CLANG_WARN_INFINITE_RECURSION = YES;
				CLANG_WARN_INT_CONVERSION = YES;
				CLANG_WARN_NON_LITERAL_NULL_CONVERSION = YES;
				CLANG_WARN_OBJC_IMPLICIT_RETAIN_SELF = YES;
				CLANG_WARN_OBJC_LITERAL_CONVERSION = YES;
				CLANG_WARN_OBJC_ROOT_CLASS = YES_ERROR;
				CLANG_WARN_QUOTED_INCLUDE_IN_FRAMEWORK_HEADER = YES;
				CLANG_WARN_RANGE_LOOP_ANALYSIS = YES;
				CLANG_WARN_STRICT_PROTOTYPES = YES;
				CLANG_WARN_SUSPICIOUS_MOVE = YES;
				CLANG_WARN_UNGUARDED_AVAILABILITY = YES_AGGRESSIVE;
				CLANG_WARN_UNREACHABLE_CODE = YES;
				CLANG_WARN__DUPLICATE_METHOD_MATCH = YES;
				COPY_PHASE_STRIP = NO;
				DEBUG_INFORMATION_FORMAT = "dwarf-with-dsym";
				ENABLE_NS_ASSERTIONS = NO;
				ENABLE_STRICT_OBJC_MSGSEND = YES;
				ENABLE_USER_SCRIPT_SANDBOXING = YES;
				GCC_C_LANGUAGE_STANDARD = gnu11;
				GCC_NO_COMMON_BLOCKS = YES;
				GCC_WARN_64_TO_32_BIT_CONVERSION = YES;
				GCC_WARN_ABOUT_RETURN_TYPE = YES_ERROR;
				GCC_WARN_UNDECLARED_SELECTOR = YES;
				GCC_WARN_UNINITIALIZED_AUTOS = YES_AGGRESSIVE;
				GCC_WARN_UNUSED_FUNCTION = YES;
				GCC_WARN_UNUSED_VARIABLE = YES;
				IPHONEOS_DEPLOYMENT_TARGET = 17.0;
				MTL_ENABLE_DEBUG_INFO = NO;
				MTL_FAST_MATH = YES;
				SDKROOT = iphoneos;
				SWIFT_COMPILATION_MODE = wholemodule;
				SWIFT_OPTIMIZATION_LEVEL = "-O";
				VALIDATE_PRODUCT = YES;
			};
			name = Release;
		};
		FE0523302C01F84A008DA2C3 /* Debug */ = {
			isa = XCBuildConfiguration;
			buildSettings = {
				ASSETCATALOG_COMPILER_APPICON_NAME = AppIcon;
				ASSETCATALOG_COMPILER_GLOBAL_ACCENT_COLOR_NAME = AccentColor;
				CODE_SIGN_STYLE = Automatic;
				CURRENT_PROJECT_VERSION = 1;
				DEVELOPMENT_ASSET_PATHS = "\"UrRecipts/Preview Content\"";
				DEVELOPMENT_TEAM = SPLX3JDZDL;
				ENABLE_PREVIEWS = YES;
				GENERATE_INFOPLIST_FILE = YES;
				INFOPLIST_FILE = UrRecipts/Info.plist;
				INFOPLIST_KEY_CFBundleDisplayName = InstaDoc;
				INFOPLIST_KEY_NSCalendarsUsageDescription = "";
				INFOPLIST_KEY_NSCameraUsageDescription = "This app needs to access the camera";
				INFOPLIST_KEY_UIApplicationSceneManifest_Generation = YES;
				INFOPLIST_KEY_UIApplicationSupportsIndirectInputEvents = YES;
				INFOPLIST_KEY_UILaunchScreen_Generation = YES;
				INFOPLIST_KEY_UISupportedInterfaceOrientations_iPad = "UIInterfaceOrientationPortrait UIInterfaceOrientationPortraitUpsideDown UIInterfaceOrientationLandscapeLeft UIInterfaceOrientationLandscapeRight";
				INFOPLIST_KEY_UISupportedInterfaceOrientations_iPhone = "UIInterfaceOrientationPortrait UIInterfaceOrientationLandscapeLeft UIInterfaceOrientationLandscapeRight";
				LD_RUNPATH_SEARCH_PATHS = (
					"$(inherited)",
					"@executable_path/Frameworks",
				);
				MARKETING_VERSION = 1.0;
				NEW_SETTING = "";
				PRODUCT_BUNDLE_IDENTIFIER = com.tipan.InstaDoc;
				PRODUCT_NAME = "$(TARGET_NAME)";
				SWIFT_EMIT_LOC_STRINGS = YES;
				SWIFT_VERSION = 5.0;
				TARGETED_DEVICE_FAMILY = "1,2";
			};
			name = Debug;
		};
		FE0523312C01F84A008DA2C3 /* Release */ = {
			isa = XCBuildConfiguration;
			buildSettings = {
				ASSETCATALOG_COMPILER_APPICON_NAME = AppIcon;
				ASSETCATALOG_COMPILER_GLOBAL_ACCENT_COLOR_NAME = AccentColor;
				CODE_SIGN_STYLE = Automatic;
				CURRENT_PROJECT_VERSION = 1;
				DEVELOPMENT_ASSET_PATHS = "\"UrRecipts/Preview Content\"";
				DEVELOPMENT_TEAM = SPLX3JDZDL;
				ENABLE_PREVIEWS = YES;
				GENERATE_INFOPLIST_FILE = YES;
				INFOPLIST_FILE = UrRecipts/Info.plist;
				INFOPLIST_KEY_CFBundleDisplayName = InstaDoc;
				INFOPLIST_KEY_NSCalendarsUsageDescription = "";
				INFOPLIST_KEY_NSCameraUsageDescription = "This app needs to access the camera";
				INFOPLIST_KEY_UIApplicationSceneManifest_Generation = YES;
				INFOPLIST_KEY_UIApplicationSupportsIndirectInputEvents = YES;
				INFOPLIST_KEY_UILaunchScreen_Generation = YES;
				INFOPLIST_KEY_UISupportedInterfaceOrientations_iPad = "UIInterfaceOrientationPortrait UIInterfaceOrientationPortraitUpsideDown UIInterfaceOrientationLandscapeLeft UIInterfaceOrientationLandscapeRight";
				INFOPLIST_KEY_UISupportedInterfaceOrientations_iPhone = "UIInterfaceOrientationPortrait UIInterfaceOrientationLandscapeLeft UIInterfaceOrientationLandscapeRight";
				LD_RUNPATH_SEARCH_PATHS = (
					"$(inherited)",
					"@executable_path/Frameworks",
				);
				MARKETING_VERSION = 1.0;
				NEW_SETTING = "";
				PRODUCT_BUNDLE_IDENTIFIER = com.tipan.InstaDoc;
				PRODUCT_NAME = "$(TARGET_NAME)";
				SWIFT_EMIT_LOC_STRINGS = YES;
				SWIFT_VERSION = 5.0;
				TARGETED_DEVICE_FAMILY = "1,2";
			};
			name = Release;
		};
		FE0523332C01F84A008DA2C3 /* Debug */ = {
			isa = XCBuildConfiguration;
			buildSettings = {
				ALWAYS_EMBED_SWIFT_STANDARD_LIBRARIES = YES;
				BUNDLE_LOADER = "$(TEST_HOST)";
				CODE_SIGN_STYLE = Automatic;
				CURRENT_PROJECT_VERSION = 1;
				DEVELOPMENT_TEAM = SPLX3JDZDL;
				GENERATE_INFOPLIST_FILE = YES;
				IPHONEOS_DEPLOYMENT_TARGET = 17.0;
				MARKETING_VERSION = 1.0;
				PRODUCT_BUNDLE_IDENTIFIER = com.tipan.UrReciptsTests;
				PRODUCT_NAME = "$(TARGET_NAME)";
				SWIFT_EMIT_LOC_STRINGS = NO;
				SWIFT_VERSION = 5.0;
				TARGETED_DEVICE_FAMILY = "1,2";
				TEST_HOST = "$(BUILT_PRODUCTS_DIR)/InstaDoc.app/$(BUNDLE_EXECUTABLE_FOLDER_PATH)/InstaDoc";
			};
			name = Debug;
		};
		FE0523342C01F84A008DA2C3 /* Release */ = {
			isa = XCBuildConfiguration;
			buildSettings = {
				ALWAYS_EMBED_SWIFT_STANDARD_LIBRARIES = YES;
				BUNDLE_LOADER = "$(TEST_HOST)";
				CODE_SIGN_STYLE = Automatic;
				CURRENT_PROJECT_VERSION = 1;
				DEVELOPMENT_TEAM = SPLX3JDZDL;
				GENERATE_INFOPLIST_FILE = YES;
				IPHONEOS_DEPLOYMENT_TARGET = 17.0;
				MARKETING_VERSION = 1.0;
				PRODUCT_BUNDLE_IDENTIFIER = com.tipan.UrReciptsTests;
				PRODUCT_NAME = "$(TARGET_NAME)";
				SWIFT_EMIT_LOC_STRINGS = NO;
				SWIFT_VERSION = 5.0;
				TARGETED_DEVICE_FAMILY = "1,2";
				TEST_HOST = "$(BUILT_PRODUCTS_DIR)/InstaDoc.app/$(BUNDLE_EXECUTABLE_FOLDER_PATH)/InstaDoc";
			};
			name = Release;
		};
		FE0523362C01F84A008DA2C3 /* Debug */ = {
			isa = XCBuildConfiguration;
			buildSettings = {
				ALWAYS_EMBED_SWIFT_STANDARD_LIBRARIES = YES;
				CODE_SIGN_STYLE = Automatic;
				CURRENT_PROJECT_VERSION = 1;
				DEVELOPMENT_TEAM = SPLX3JDZDL;
				GENERATE_INFOPLIST_FILE = YES;
				MARKETING_VERSION = 1.0;
				PRODUCT_BUNDLE_IDENTIFIER = com.tipan.UrReciptsUITests;
				PRODUCT_NAME = "$(TARGET_NAME)";
				SWIFT_EMIT_LOC_STRINGS = NO;
				SWIFT_VERSION = 5.0;
				TARGETED_DEVICE_FAMILY = "1,2";
				TEST_TARGET_NAME = UrRecipts;
			};
			name = Debug;
		};
		FE0523372C01F84A008DA2C3 /* Release */ = {
			isa = XCBuildConfiguration;
			buildSettings = {
				ALWAYS_EMBED_SWIFT_STANDARD_LIBRARIES = YES;
				CODE_SIGN_STYLE = Automatic;
				CURRENT_PROJECT_VERSION = 1;
				DEVELOPMENT_TEAM = SPLX3JDZDL;
				GENERATE_INFOPLIST_FILE = YES;
				MARKETING_VERSION = 1.0;
				PRODUCT_BUNDLE_IDENTIFIER = com.tipan.UrReciptsUITests;
				PRODUCT_NAME = "$(TARGET_NAME)";
				SWIFT_EMIT_LOC_STRINGS = NO;
				SWIFT_VERSION = 5.0;
				TARGETED_DEVICE_FAMILY = "1,2";
				TEST_TARGET_NAME = UrRecipts;
			};
			name = Release;
		};
/* End XCBuildConfiguration section */

/* Begin XCConfigurationList section */
		FE0523062C01F847008DA2C3 /* Build configuration list for PBXProject "InstaDoc" */ = {
			isa = XCConfigurationList;
			buildConfigurations = (
				FE05232D2C01F84A008DA2C3 /* Debug */,
				FE05232E2C01F84A008DA2C3 /* Release */,
			);
			defaultConfigurationIsVisible = 0;
			defaultConfigurationName = Release;
		};
		FE05232F2C01F84A008DA2C3 /* Build configuration list for PBXNativeTarget "InstaDoc" */ = {
			isa = XCConfigurationList;
			buildConfigurations = (
				FE0523302C01F84A008DA2C3 /* Debug */,
				FE0523312C01F84A008DA2C3 /* Release */,
			);
			defaultConfigurationIsVisible = 0;
			defaultConfigurationName = Release;
		};
		FE0523322C01F84A008DA2C3 /* Build configuration list for PBXNativeTarget "InstaDocTests" */ = {
			isa = XCConfigurationList;
			buildConfigurations = (
				FE0523332C01F84A008DA2C3 /* Debug */,
				FE0523342C01F84A008DA2C3 /* Release */,
			);
			defaultConfigurationIsVisible = 0;
			defaultConfigurationName = Release;
		};
		FE0523352C01F84A008DA2C3 /* Build configuration list for PBXNativeTarget "InstaDocUITests" */ = {
			isa = XCConfigurationList;
			buildConfigurations = (
				FE0523362C01F84A008DA2C3 /* Debug */,
				FE0523372C01F84A008DA2C3 /* Release */,
			);
			defaultConfigurationIsVisible = 0;
			defaultConfigurationName = Release;
		};
/* End XCConfigurationList section */
	};
	rootObject = FE0523032C01F847008DA2C3 /* Project object */;
}
